
Microsoft Visual Studio Solution File, Format Version 12.00
# Visual Studio Version 17
VisualStudioVersion = 17.0.31903.59
MinimumVisualStudioVersion = 10.0.40219.1
Project("{FAE04EC0-301F-11D3-BF4B-00C04F79EFBC}") = "PcAgent.Core", "PcAgent.Core\PcAgent.Core.csproj", "{FC1AF8FC-5C94-4F71-8F72-37CDA69F3EDB}"
EndProject
Project("{FAE04EC0-301F-11D3-BF4B-00C04F79EFBC}") = "PcAgent", "PcAgent\PcAgent.csproj", "{91BEAD4C-9698-4706-BA41-FCA4911415E4}"
EndProject
Project("{FAE04EC0-301F-11D3-BF4B-00C04F79EFBC}") = "GamingLauncher", "GamingLauncher\GamingLauncher.csproj", "{244A5828-5F4B-49EB-9E19-3F5E378A128C}"
EndProject
Global
	GlobalSection(SolutionConfigurationPlatforms) = preSolution
		Debug|Any CPU = Debug|Any CPU
		Debug|x64 = Debug|x64
		Debug|x86 = Debug|x86
		Release|Any CPU = Release|Any CPU
		Release|x64 = Release|x64
		Release|x86 = Release|x86
	EndGlobalSection
	GlobalSection(ProjectConfigurationPlatforms) = postSolution
		{FC1AF8FC-5C94-4F71-8F72-37CDA69F3EDB}.Debug|Any CPU.ActiveCfg = Debug|Any CPU
		{FC1AF8FC-5C94-4F71-8F72-37CDA69F3EDB}.Debug|Any CPU.Build.0 = Debug|Any CPU
		{FC1AF8FC-5C94-4F71-8F72-37CDA69F3EDB}.Debug|x64.ActiveCfg = Debug|Any CPU
		{FC1AF8FC-5C94-4F71-8F72-37CDA69F3EDB}.Debug|x64.Build.0 = Debug|Any CPU
		{FC1AF8FC-5C94-4F71-8F72-37CDA69F3EDB}.Debug|x86.ActiveCfg = Debug|Any CPU
		{FC1AF8FC-5C94-4F71-8F72-37CDA69F3EDB}.Debug|x86.Build.0 = Debug|Any CPU
		{FC1AF8FC-5C94-4F71-8F72-37CDA69F3EDB}.Release|Any CPU.ActiveCfg = Release|Any CPU
		{FC1AF8FC-5C94-4F71-8F72-37CDA69F3EDB}.Release|Any CPU.Build.0 = Release|Any CPU
		{FC1AF8FC-5C94-4F71-8F72-37CDA69F3EDB}.Release|x64.ActiveCfg = Release|Any CPU
		{FC1AF8FC-5C94-4F71-8F72-37CDA69F3EDB}.Release|x64.Build.0 = Release|Any CPU
		{FC1AF8FC-5C94-4F71-8F72-37CDA69F3EDB}.Release|x86.ActiveCfg = Release|Any CPU
		{FC1AF8FC-5C94-4F71-8F72-37CDA69F3EDB}.Release|x86.Build.0 = Release|Any CPU
		{91BEAD4C-9698-4706-BA41-FCA4911415E4}.Debug|Any CPU.ActiveCfg = Debug|Any CPU
		{91BEAD4C-9698-4706-BA41-FCA4911415E4}.Debug|Any CPU.Build.0 = Debug|Any CPU
		{91BEAD4C-9698-4706-BA41-FCA4911415E4}.Debug|x64.ActiveCfg = Debug|Any CPU
		{91BEAD4C-9698-4706-BA41-FCA4911415E4}.Debug|x64.Build.0 = Debug|Any CPU
		{91BEAD4C-9698-4706-BA41-FCA4911415E4}.Debug|x86.ActiveCfg = Debug|Any CPU
		{91BEAD4C-9698-4706-BA41-FCA4911415E4}.Debug|x86.Build.0 = Debug|Any CPU
		{91BEAD4C-9698-4706-BA41-FCA4911415E4}.Release|Any CPU.ActiveCfg = Release|Any CPU
		{91BEAD4C-9698-4706-BA41-FCA4911415E4}.Release|Any CPU.Build.0 = Release|Any CPU
		{91BEAD4C-9698-4706-BA41-FCA4911415E4}.Release|x64.ActiveCfg = Release|Any CPU
		{91BEAD4C-9698-4706-BA41-FCA4911415E4}.Release|x64.Build.0 = Release|Any CPU
		{91BEAD4C-9698-4706-BA41-FCA4911415E4}.Release|x86.ActiveCfg = Release|Any CPU
		{91BEAD4C-9698-4706-BA41-FCA4911415E4}.Release|x86.Build.0 = Release|Any CPU
		{244A5828-5F4B-49EB-9E19-3F5E378A128C}.Debug|Any CPU.ActiveCfg = Debug|Any CPU
		{244A5828-5F4B-49EB-9E19-3F5E378A128C}.Debug|Any CPU.Build.0 = Debug|Any CPU
		{244A5828-5F4B-49EB-9E19-3F5E378A128C}.Debug|x64.ActiveCfg = Debug|Any CPU
		{244A5828-5F4B-49EB-9E19-3F5E378A128C}.Debug|x64.Build.0 = Debug|Any CPU
		{244A5828-5F4B-49EB-9E19-3F5E378A128C}.Debug|x86.ActiveCfg = Debug|Any CPU
		{244A5828-5F4B-49EB-9E19-3F5E378A128C}.Debug|x86.Build.0 = Debug|Any CPU
		{244A5828-5F4B-49EB-9E19-3F5E378A128C}.Release|Any CPU.ActiveCfg = Release|Any CPU
		{244A5828-5F4B-49EB-9E19-3F5E378A128C}.Release|Any CPU.Build.0 = Release|Any CPU
		{244A5828-5F4B-49EB-9E19-3F5E378A128C}.Release|x64.ActiveCfg = Release|Any CPU
		{244A5828-5F4B-49EB-9E19-3F5E378A128C}.Release|x64.Build.0 = Release|Any CPU
		{244A5828-5F4B-49EB-9E19-3F5E378A128C}.Release|x86.ActiveCfg = Release|Any CPU
		{244A5828-5F4B-49EB-9E19-3F5E378A128C}.Release|x86.Build.0 = Release|Any CPU
	EndGlobalSection
	GlobalSection(SolutionProperties) = preSolution
		HideSolutionNode = FALSE
	EndGlobalSection
EndGlobal
